// !$*UTF8*$!
{
	archiveVersion = 1;
	classes = {
	};
	objectVersion = 77;
	objects = {

/* Begin PBXContainerItemProxy section */
		BCD5D2052CE88FAF003CEDE1 /* PBXContainerItemProxy */ = {
			isa = PBXContainerItemProxy;
			containerPortal = BCD5D1E92CE88FAE003CEDE1 /* Project object */;
			proxyType = 1;
			remoteGlobalIDString = BCD5D1F02CE88FAE003CEDE1;
			remoteInfo = "Standortbezogene Dienste";
		};
		BCD5D20F2CE88FAF003CEDE1 /* PBXContainerItemProxy */ = {
			isa = PBXContainerItemProxy;
			containerPortal = BCD5D1E92CE88FAE003CEDE1 /* Project object */;
			proxyType = 1;
			remoteGlobalIDString = BCD5D1F02CE88FAE003CEDE1;
			remoteInfo = "Standortbezogene Dienste";
		};
/* End PBXContainerItemProxy section */

/* Begin PBXFileReference section */
		BCD5D1F12CE88FAE003CEDE1 /* Standortbezogene Dienste.app */ = {isa = PBXFileReference; explicitFileType = wrapper.application; includeInIndex = 0; path = "Standortbezogene Dienste.app"; sourceTree = BUILT_PRODUCTS_DIR; };
		BCD5D2042CE88FAF003CEDE1 /* Standortbezogene DiensteTests.xctest */ = {isa = PBXFileReference; explicitFileType = wrapper.cfbundle; includeInIndex = 0; path = "Standortbezogene DiensteTests.xctest"; sourceTree = BUILT_PRODUCTS_DIR; };
		BCD5D20E2CE88FAF003CEDE1 /* Standortbezogene DiensteUITests.xctest */ = {isa = PBXFileReference; explicitFileType = wrapper.cfbundle; includeInIndex = 0; path = "Standortbezogene DiensteUITests.xctest"; sourceTree = BUILT_PRODUCTS_DIR; };
/* End PBXFileReference section */

/* Begin PBXFileSystemSynchronizedRootGroup section */
		BCD5D1F32CE88FAE003CEDE1 /* Standortbezogene Dienste */ = {
			isa = PBXFileSystemSynchronizedRootGroup;
			path = "Standortbezogene Dienste";
			sourceTree = "<group>";
		};
		BCD5D2072CE88FAF003CEDE1 /* Standortbezogene DiensteTests */ = {
			isa = PBXFileSystemSynchronizedRootGroup;
			path = "Standortbezogene DiensteTests";
			sourceTree = "<group>";
		};
		BCD5D2112CE88FAF003CEDE1 /* Standortbezogene DiensteUITests */ = {
			isa = PBXFileSystemSynchronizedRootGroup;
			path = "Standortbezogene DiensteUITests";
			sourceTree = "<group>";
		};
/* End PBXFileSystemSynchronizedRootGroup section */

/* Begin PBXFrameworksBuildPhase section */
		BCD5D1EE2CE88FAE003CEDE1 /* Frameworks */ = {
			isa = PBXFrameworksBuildPhase;
			buildActionMask = 2147483647;
			files = (
			);
			runOnlyForDeploymentPostprocessing = 0;
		};
		BCD5D2012CE88FAF003CEDE1 /* Frameworks */ = {
			isa = PBXFrameworksBuildPhase;
			buildActionMask = 2147483647;
			files = (
			);
			runOnlyForDeploymentPostprocessing = 0;
		};
		BCD5D20B2CE88FAF003CEDE1 /* Frameworks */ = {
			isa = PBXFrameworksBuildPhase;
			buildActionMask = 2147483647;
			files = (
			);
			runOnlyForDeploymentPostprocessing = 0;
		};
/* End PBXFrameworksBuildPhase section */

/* Begin PBXGroup section */
		BCD5D1E82CE88FAE003CEDE1 = {
			isa = PBXGroup;
			children = (
				BCD5D1F32CE88FAE003CEDE1 /* Standortbezogene Dienste */,
				BCD5D2072CE88FAF003CEDE1 /* Standortbezogene DiensteTests */,
				BCD5D2112CE88FAF003CEDE1 /* Standortbezogene DiensteUITests */,
				BCD5D1F22CE88FAE003CEDE1 /* Products */,
			);
			sourceTree = "<group>";
		};
		BCD5D1F22CE88FAE003CEDE1 /* Products */ = {
			isa = PBXGroup;
			children = (
				BCD5D1F12CE88FAE003CEDE1 /* Standortbezogene Dienste.app */,
				BCD5D2042CE88FAF003CEDE1 /* Standortbezogene DiensteTests.xctest */,
				BCD5D20E2CE88FAF003CEDE1 /* Standortbezogene DiensteUITests.xctest */,
			);
			name = Products;
			sourceTree = "<group>";
		};
/* End PBXGroup section */

/* Begin PBXNativeTarget section */
		BCD5D1F02CE88FAE003CEDE1 /* Standortbezogene Dienste */ = {
			isa = PBXNativeTarget;
			buildConfigurationList = BCD5D2182CE88FAF003CEDE1 /* Build configuration list for PBXNativeTarget "Standortbezogene Dienste" */;
			buildPhases = (
				BCD5D1ED2CE88FAE003CEDE1 /* Sources */,
				BCD5D1EE2CE88FAE003CEDE1 /* Frameworks */,
				BCD5D1EF2CE88FAE003CEDE1 /* Resources */,
			);
			buildRules = (
			);
			dependencies = (
			);
			fileSystemSynchronizedGroups = (
				BCD5D1F32CE88FAE003CEDE1 /* Standortbezogene Dienste */,
			);
			name = "Standortbezogene Dienste";
			packageProductDependencies = (
			);
			productName = "Standortbezogene Dienste";
			productReference = BCD5D1F12CE88FAE003CEDE1 /* Standortbezogene Dienste.app */;
			productType = "com.apple.product-type.application";
		};
		BCD5D2032CE88FAF003CEDE1 /* Standortbezogene DiensteTests */ = {
			isa = PBXNativeTarget;
			buildConfigurationList = BCD5D21B2CE88FAF003CEDE1 /* Build configuration list for PBXNativeTarget "Standortbezogene DiensteTests" */;
			buildPhases = (
				BCD5D2002CE88FAF003CEDE1 /* Sources */,
				BCD5D2012CE88FAF003CEDE1 /* Frameworks */,
				BCD5D2022CE88FAF003CEDE1 /* Resources */,
			);
			buildRules = (
			);
			dependencies = (
				BCD5D2062CE88FAF003CEDE1 /* PBXTargetDependency */,
			);
			fileSystemSynchronizedGroups = (
				BCD5D2072CE88FAF003CEDE1 /* Standortbezogene DiensteTests */,
			);
			name = "Standortbezogene DiensteTests";
			packageProductDependencies = (
			);
			productName = "Standortbezogene DiensteTests";
			productReference = BCD5D2042CE88FAF003CEDE1 /* Standortbezogene DiensteTests.xctest */;
			productType = "com.apple.product-type.bundle.unit-test";
		};
		BCD5D20D2CE88FAF003CEDE1 /* Standortbezogene DiensteUITests */ = {
			isa = PBXNativeTarget;
			buildConfigurationList = BCD5D21E2CE88FAF003CEDE1 /* Build configuration list for PBXNativeTarget "Standortbezogene DiensteUITests" */;
			buildPhases = (
				BCD5D20A2CE88FAF003CEDE1 /* Sources */,
				BCD5D20B2CE88FAF003CEDE1 /* Frameworks */,
				BCD5D20C2CE88FAF003CEDE1 /* Resources */,
			);
			buildRules = (
			);
			dependencies = (
				BCD5D2102CE88FAF003CEDE1 /* PBXTargetDependency */,
			);
			fileSystemSynchronizedGroups = (
				BCD5D2112CE88FAF003CEDE1 /* Standortbezogene DiensteUITests */,
			);
			name = "Standortbezogene DiensteUITests";
			packageProductDependencies = (
			);
			productName = "Standortbezogene DiensteUITests";
			productReference = BCD5D20E2CE88FAF003CEDE1 /* Standortbezogene DiensteUITests.xctest */;
			productType = "com.apple.product-type.bundle.ui-testing";
		};
/* End PBXNativeTarget section */

/* Begin PBXProject section */
		BCD5D1E92CE88FAE003CEDE1 /* Project object */ = {
			isa = PBXProject;
			attributes = {
				BuildIndependentTargetsInParallel = 1;
				LastSwiftUpdateCheck = 1610;
				LastUpgradeCheck = 1610;
				TargetAttributes = {
					BCD5D1F02CE88FAE003CEDE1 = {
						CreatedOnToolsVersion = 16.1;
					};
					BCD5D2032CE88FAF003CEDE1 = {
						CreatedOnToolsVersion = 16.1;
						TestTargetID = BCD5D1F02CE88FAE003CEDE1;
					};
					BCD5D20D2CE88FAF003CEDE1 = {
						CreatedOnToolsVersion = 16.1;
						TestTargetID = BCD5D1F02CE88FAE003CEDE1;
					};
				};
			};
			buildConfigurationList = BCD5D1EC2CE88FAE003CEDE1 /* Build configuration list for PBXProject "Standortbezogene Dienste" */;
			developmentRegion = en;
			hasScannedForEncodings = 0;
			knownRegions = (
				en,
				de,
				Base,
			);
			mainGroup = BCD5D1E82CE88FAE003CEDE1;
			minimizedProjectReferenceProxies = 1;
			preferredProjectObjectVersion = 77;
			productRefGroup = BCD5D1F22CE88FAE003CEDE1 /* Products */;
			projectDirPath = "";
			projectRoot = "";
			targets = (
				BCD5D1F02CE88FAE003CEDE1 /* Standortbezogene Dienste */,
				BCD5D2032CE88FAF003CEDE1 /* Standortbezogene DiensteTests */,
				BCD5D20D2CE88FAF003CEDE1 /* Standortbezogene DiensteUITests */,
			);
		};
/* End PBXProject section */

/* Begin PBXResourcesBuildPhase section */
		BCD5D1EF2CE88FAE003CEDE1 /* Resources */ = {
			isa = PBXResourcesBuildPhase;
			buildActionMask = 2147483647;
			files = (
			);
			runOnlyForDeploymentPostprocessing = 0;
		};
		BCD5D2022CE88FAF003CEDE1 /* Resources */ = {
			isa = PBXResourcesBuildPhase;
			buildActionMask = 2147483647;
			files = (
			);
			runOnlyForDeploymentPostprocessing = 0;
		};
		BCD5D20C2CE88FAF003CEDE1 /* Resources */ = {
			isa = PBXResourcesBuildPhase;
			buildActionMask = 2147483647;
			files = (
			);
			runOnlyForDeploymentPostprocessing = 0;
		};
/* End PBXResourcesBuildPhase section */

/* Begin PBXSourcesBuildPhase section */
		BCD5D1ED2CE88FAE003CEDE1 /* Sources */ = {
			isa = PBXSourcesBuildPhase;
			buildActionMask = 2147483647;
			files = (
			);
			runOnlyForDeploymentPostprocessing = 0;
		};
		BCD5D2002CE88FAF003CEDE1 /* Sources */ = {
			isa = PBXSourcesBuildPhase;
			buildActionMask = 2147483647;
			files = (
			);
			runOnlyForDeploymentPostprocessing = 0;
		};
		BCD5D20A2CE88FAF003CEDE1 /* Sources */ = {
			isa = PBXSourcesBuildPhase;
			buildActionMask = 2147483647;
			files = (
			);
			runOnlyForDeploymentPostprocessing = 0;
		};
/* End PBXSourcesBuildPhase section */

/* Begin PBXTargetDependency section */
		BCD5D2062CE88FAF003CEDE1 /* PBXTargetDependency */ = {
			isa = PBXTargetDependency;
			target = BCD5D1F02CE88FAE003CEDE1 /* Standortbezogene Dienste */;
			targetProxy = BCD5D2052CE88FAF003CEDE1 /* PBXContainerItemProxy */;
		};
		BCD5D2102CE88FAF003CEDE1 /* PBXTargetDependency */ = {
			isa = PBXTargetDependency;
			target = BCD5D1F02CE88FAE003CEDE1 /* Standortbezogene Dienste */;
			targetProxy = BCD5D20F2CE88FAF003CEDE1 /* PBXContainerItemProxy */;
		};
/* End PBXTargetDependency section */

/* Begin XCBuildConfiguration section */
		BCD5D2162CE88FAF003CEDE1 /* Debug */ = {
			isa = XCBuildConfiguration;
			buildSettings = {
				ALWAYS_SEARCH_USER_PATHS = NO;
				ASSETCATALOG_COMPILER_GENERATE_SWIFT_ASSET_SYMBOL_EXTENSIONS = YES;
				CLANG_ANALYZER_NONNULL = YES;
				CLANG_ANALYZER_NUMBER_OBJECT_CONVERSION = YES_AGGRESSIVE;
				CLANG_CXX_LANGUAGE_STANDARD = "gnu++20";
				CLANG_ENABLE_MODULES = YES;
				CLANG_ENABLE_OBJC_ARC = YES;
				CLANG_ENABLE_OBJC_WEAK = YES;
				CLANG_WARN_BLOCK_CAPTURE_AUTORELEASING = YES;
				CLANG_WARN_BOOL_CONVERSION = YES;
				CLANG_WARN_COMMA = YES;
				CLANG_WARN_CONSTANT_CONVERSION = YES;
				CLANG_WARN_DEPRECATED_OBJC_IMPLEMENTATIONS = YES;
				CLANG_WARN_DIRECT_OBJC_ISA_USAGE = YES_ERROR;
				CLANG_WARN_DOCUMENTATION_COMMENTS = YES;
				CLANG_WARN_EMPTY_BODY = YES;
				CLANG_WARN_ENUM_CONVERSION = YES;
				CLANG_WARN_INFINITE_RECURSION = YES;
				CLANG_WARN_INT_CONVERSION = YES;
				CLANG_WARN_NON_LITERAL_NULL_CONVERSION = YES;
				CLANG_WARN_OBJC_IMPLICIT_RETAIN_SELF = YES;
				CLANG_WARN_OBJC_LITERAL_CONVERSION = YES;
				CLANG_WARN_OBJC_ROOT_CLASS = YES_ERROR;
				CLANG_WARN_QUOTED_INCLUDE_IN_FRAMEWORK_HEADER = YES;
				CLANG_WARN_RANGE_LOOP_ANALYSIS = YES;
				CLANG_WARN_STRICT_PROTOTYPES = YES;
				CLANG_WARN_SUSPICIOUS_MOVE = YES;
				CLANG_WARN_UNGUARDED_AVAILABILITY = YES_AGGRESSIVE;
				CLANG_WARN_UNREACHABLE_CODE = YES;
				CLANG_WARN__DUPLICATE_METHOD_MATCH = YES;
				COPY_PHASE_STRIP = NO;
				DEBUG_INFORMATION_FORMAT = dwarf;
				ENABLE_STRICT_OBJC_MSGSEND = YES;
				ENABLE_TESTABILITY = YES;
				ENABLE_USER_SCRIPT_SANDBOXING = YES;
				GCC_C_LANGUAGE_STANDARD = gnu17;
				GCC_DYNAMIC_NO_PIC = NO;
				GCC_NO_COMMON_BLOCKS = YES;
				GCC_OPTIMIZATION_LEVEL = 0;
				GCC_PREPROCESSOR_DEFINITIONS = (
					"DEBUG=1",
					"$(inherited)",
				);
				GCC_WARN_64_TO_32_BIT_CONVERSION = YES;
				GCC_WARN_ABOUT_RETURN_TYPE = YES_ERROR;
				GCC_WARN_UNDECLARED_SELECTOR = YES;
				GCC_WARN_UNINITIALIZED_AUTOS = YES_AGGRESSIVE;
				GCC_WARN_UNUSED_FUNCTION = YES;
				GCC_WARN_UNUSED_VARIABLE = YES;
				LOCALIZATION_PREFERS_STRING_CATALOGS = YES;
				MTL_ENABLE_DEBUG_INFO = INCLUDE_SOURCE;
				MTL_FAST_MATH = YES;
				ONLY_ACTIVE_ARCH = YES;
				SWIFT_ACTIVE_COMPILATION_CONDITIONS = "DEBUG $(inherited)";
				SWIFT_OPTIMIZATION_LEVEL = "-Onone";
			};
			name = Debug;
		};
		BCD5D2172CE88FAF003CEDE1 /* Release */ = {
			isa = XCBuildConfiguration;
			buildSettings = {
				ALWAYS_SEARCH_USER_PATHS = NO;
				ASSETCATALOG_COMPILER_GENERATE_SWIFT_ASSET_SYMBOL_EXTENSIONS = YES;
				CLANG_ANALYZER_NONNULL = YES;
				CLANG_ANALYZER_NUMBER_OBJECT_CONVERSION = YES_AGGRESSIVE;
				CLANG_CXX_LANGUAGE_STANDARD = "gnu++20";
				CLANG_ENABLE_MODULES = YES;
				CLANG_ENABLE_OBJC_ARC = YES;
				CLANG_ENABLE_OBJC_WEAK = YES;
				CLANG_WARN_BLOCK_CAPTURE_AUTORELEASING = YES;
				CLANG_WARN_BOOL_CONVERSION = YES;
				CLANG_WARN_COMMA = YES;
				CLANG_WARN_CONSTANT_CONVERSION = YES;
				CLANG_WARN_DEPRECATED_OBJC_IMPLEMENTATIONS = YES;
				CLANG_WARN_DIRECT_OBJC_ISA_USAGE = YES_ERROR;
				CLANG_WARN_DOCUMENTATION_COMMENTS = YES;
				CLANG_WARN_EMPTY_BODY = YES;
				CLANG_WARN_ENUM_CONVERSION = YES;
				CLANG_WARN_INFINITE_RECURSION = YES;
				CLANG_WARN_INT_CONVERSION = YES;
				CLANG_WARN_NON_LITERAL_NULL_CONVERSION = YES;
				CLANG_WARN_OBJC_IMPLICIT_RETAIN_SELF = YES;
				CLANG_WARN_OBJC_LITERAL_CONVERSION = YES;
				CLANG_WARN_OBJC_ROOT_CLASS = YES_ERROR;
				CLANG_WARN_QUOTED_INCLUDE_IN_FRAMEWORK_HEADER = YES;
				CLANG_WARN_RANGE_LOOP_ANALYSIS = YES;
				CLANG_WARN_STRICT_PROTOTYPES = YES;
				CLANG_WARN_SUSPICIOUS_MOVE = YES;
				CLANG_WARN_UNGUARDED_AVAILABILITY = YES_AGGRESSIVE;
				CLANG_WARN_UNREACHABLE_CODE = YES;
				CLANG_WARN__DUPLICATE_METHOD_MATCH = YES;
				COPY_PHASE_STRIP = NO;
				DEBUG_INFORMATION_FORMAT = "dwarf-with-dsym";
				ENABLE_NS_ASSERTIONS = NO;
				ENABLE_STRICT_OBJC_MSGSEND = YES;
				ENABLE_USER_SCRIPT_SANDBOXING = YES;
				GCC_C_LANGUAGE_STANDARD = gnu17;
				GCC_NO_COMMON_BLOCKS = YES;
				GCC_WARN_64_TO_32_BIT_CONVERSION = YES;
				GCC_WARN_ABOUT_RETURN_TYPE = YES_ERROR;
				GCC_WARN_UNDECLARED_SELECTOR = YES;
				GCC_WARN_UNINITIALIZED_AUTOS = YES_AGGRESSIVE;
				GCC_WARN_UNUSED_FUNCTION = YES;
				GCC_WARN_UNUSED_VARIABLE = YES;
				LOCALIZATION_PREFERS_STRING_CATALOGS = YES;
				MTL_ENABLE_DEBUG_INFO = NO;
				MTL_FAST_MATH = YES;
				SWIFT_COMPILATION_MODE = wholemodule;
			};
			name = Release;
		};
		BCD5D2192CE88FAF003CEDE1 /* Debug */ = {
			isa = XCBuildConfiguration;
			buildSettings = {
				ASSETCATALOG_COMPILER_APPICON_NAME = AppIcon;
				ASSETCATALOG_COMPILER_GLOBAL_ACCENT_COLOR_NAME = AccentColor;
				CODE_SIGN_ENTITLEMENTS = "Standortbezogene Dienste/Standortbezogene_Dienste.entitlements";
				CODE_SIGN_STYLE = Automatic;
				CURRENT_PROJECT_VERSION = 1;
				DEVELOPMENT_ASSET_PATHS = "\"Standortbezogene Dienste/Preview Content\"";
				DEVELOPMENT_TEAM = DF3464857G;
				ENABLE_HARDENED_RUNTIME = YES;
				ENABLE_PREVIEWS = YES;
				GENERATE_INFOPLIST_FILE = YES;
				INFOPLIST_FILE = "Standortbezogene-Dienste-Info.plist";
				"INFOPLIST_KEY_UIApplicationSceneManifest_Generation[sdk=iphoneos*]" = YES;
				"INFOPLIST_KEY_UIApplicationSceneManifest_Generation[sdk=iphonesimulator*]" = YES;
				"INFOPLIST_KEY_UIApplicationSupportsIndirectInputEvents[sdk=iphoneos*]" = YES;
				"INFOPLIST_KEY_UIApplicationSupportsIndirectInputEvents[sdk=iphonesimulator*]" = YES;
				"INFOPLIST_KEY_UILaunchScreen_Generation[sdk=iphoneos*]" = YES;
				"INFOPLIST_KEY_UILaunchScreen_Generation[sdk=iphonesimulator*]" = YES;
				"INFOPLIST_KEY_UIStatusBarStyle[sdk=iphoneos*]" = UIStatusBarStyleDefault;
				"INFOPLIST_KEY_UIStatusBarStyle[sdk=iphonesimulator*]" = UIStatusBarStyleDefault;
				INFOPLIST_KEY_UISupportedInterfaceOrientations_iPad = "UIInterfaceOrientationPortrait UIInterfaceOrientationPortraitUpsideDown UIInterfaceOrientationLandscapeLeft UIInterfaceOrientationLandscapeRight";
				INFOPLIST_KEY_UISupportedInterfaceOrientations_iPhone = "UIInterfaceOrientationPortrait UIInterfaceOrientationLandscapeLeft UIInterfaceOrientationLandscapeRight";
				IPHONEOS_DEPLOYMENT_TARGET = 18.1;
				LD_RUNPATH_SEARCH_PATHS = "@executable_path/Frameworks";
				"LD_RUNPATH_SEARCH_PATHS[sdk=macosx*]" = "@executable_path/../Frameworks";
				MACOSX_DEPLOYMENT_TARGET = 14.0;
				MARKETING_VERSION = 1.044;
				PRODUCT_BUNDLE_IDENTIFIER = "karavanskyi.Standortbezogene-Dienste";
				PRODUCT_NAME = "$(TARGET_NAME)";
				SDKROOT = auto;
				SUPPORTED_PLATFORMS = "iphoneos iphonesimulator macosx xros xrsimulator";
				SWIFT_EMIT_LOC_STRINGS = YES;
				SWIFT_VERSION = 5.0;
				TARGETED_DEVICE_FAMILY = "1,2,7";
				XROS_DEPLOYMENT_TARGET = 2.1;
			};
			name = Debug;
		};
		BCD5D21A2CE88FAF003CEDE1 /* Release */ = {
			isa = XCBuildConfiguration;
			buildSettings = {
				ASSETCATALOG_COMPILER_APPICON_NAME = AppIcon;
				ASSETCATALOG_COMPILER_GLOBAL_ACCENT_COLOR_NAME = AccentColor;
				CODE_SIGN_ENTITLEMENTS = "Standortbezogene Dienste/Standortbezogene_Dienste.entitlements";
				CODE_SIGN_STYLE = Automatic;
				CURRENT_PROJECT_VERSION = 1;
				DEVELOPMENT_ASSET_PATHS = "\"Standortbezogene Dienste/Preview Content\"";
				DEVELOPMENT_TEAM = DF3464857G;
				ENABLE_HARDENED_RUNTIME = YES;
				ENABLE_PREVIEWS = YES;
				GENERATE_INFOPLIST_FILE = YES;
				INFOPLIST_FILE = "Standortbezogene-Dienste-Info.plist";
				"INFOPLIST_KEY_UIApplicationSceneManifest_Generation[sdk=iphoneos*]" = YES;
				"INFOPLIST_KEY_UIApplicationSceneManifest_Generation[sdk=iphonesimulator*]" = YES;
				"INFOPLIST_KEY_UIApplicationSupportsIndirectInputEvents[sdk=iphoneos*]" = YES;
				"INFOPLIST_KEY_UIApplicationSupportsIndirectInputEvents[sdk=iphonesimulator*]" = YES;
				"INFOPLIST_KEY_UILaunchScreen_Generation[sdk=iphoneos*]" = YES;
				"INFOPLIST_KEY_UILaunchScreen_Generation[sdk=iphonesimulator*]" = YES;
				"INFOPLIST_KEY_UIStatusBarStyle[sdk=iphoneos*]" = UIStatusBarStyleDefault;
				"INFOPLIST_KEY_UIStatusBarStyle[sdk=iphonesimulator*]" = UIStatusBarStyleDefault;
				INFOPLIST_KEY_UISupportedInterfaceOrientations_iPad = "UIInterfaceOrientationPortrait UIInterfaceOrientationPortraitUpsideDown UIInterfaceOrientationLandscapeLeft UIInterfaceOrientationLandscapeRight";
				INFOPLIST_KEY_UISupportedInterfaceOrientations_iPhone = "UIInterfaceOrientationPortrait UIInterfaceOrientationLandscapeLeft UIInterfaceOrientationLandscapeRight";
				IPHONEOS_DEPLOYMENT_TARGET = 18.1;
				LD_RUNPATH_SEARCH_PATHS = "@executable_path/Frameworks";
				"LD_RUNPATH_SEARCH_PATHS[sdk=macosx*]" = "@executable_path/../Frameworks";
				MACOSX_DEPLOYMENT_TARGET = 14.0;
				MARKETING_VERSION = 1.044;
				PRODUCT_BUNDLE_IDENTIFIER = "karavanskyi.Standortbezogene-Dienste";
				PRODUCT_NAME = "$(TARGET_NAME)";
				SDKROOT = auto;
				SUPPORTED_PLATFORMS = "iphoneos iphonesimulator macosx xros xrsimulator";
				SWIFT_EMIT_LOC_STRINGS = YES;
				SWIFT_VERSION = 5.0;
				TARGETED_DEVICE_FAMILY = "1,2,7";
				XROS_DEPLOYMENT_TARGET = 2.1;
			};
			name = Release;
		};
		BCD5D21C2CE88FAF003CEDE1 /* Debug */ = {
			isa = XCBuildConfiguration;
			buildSettings = {
				BUNDLE_LOADER = "$(TEST_HOST)";
				CODE_SIGN_STYLE = Automatic;
				CURRENT_PROJECT_VERSION = 1;
				DEVELOPMENT_TEAM = DF3464857G;
				GENERATE_INFOPLIST_FILE = YES;
				IPHONEOS_DEPLOYMENT_TARGET = 18.1;
				MACOSX_DEPLOYMENT_TARGET = 15.1;
				MARKETING_VERSION = 1.0;
				PRODUCT_BUNDLE_IDENTIFIER = "karavanskyi.Standortbezogene-DiensteTests";
				PRODUCT_NAME = "$(TARGET_NAME)";
				SDKROOT = auto;
				SUPPORTED_PLATFORMS = "iphoneos iphonesimulator macosx xros xrsimulator";
				SWIFT_EMIT_LOC_STRINGS = NO;
				SWIFT_VERSION = 5.0;
				TARGETED_DEVICE_FAMILY = "1,2,7";
				TEST_HOST = "$(BUILT_PRODUCTS_DIR)/Standortbezogene Dienste.app/$(BUNDLE_EXECUTABLE_FOLDER_PATH)/Standortbezogene Dienste";
				XROS_DEPLOYMENT_TARGET = 2.1;
			};
			name = Debug;
		};
		BCD5D21D2CE88FAF003CEDE1 /* Release */ = {
			isa = XCBuildConfiguration;
			buildSettings = {
				BUNDLE_LOADER = "$(TEST_HOST)";
				CODE_SIGN_STYLE = Automatic;
				CURRENT_PROJECT_VERSION = 1;
				DEVELOPMENT_TEAM = DF3464857G;
				GENERATE_INFOPLIST_FILE = YES;
				IPHONEOS_DEPLOYMENT_TARGET = 18.1;
				MACOSX_DEPLOYMENT_TARGET = 15.1;
				MARKETING_VERSION = 1.0;
				PRODUCT_BUNDLE_IDENTIFIER = "karavanskyi.Standortbezogene-DiensteTests";
				PRODUCT_NAME = "$(TARGET_NAME)";
				SDKROOT = auto;
				SUPPORTED_PLATFORMS = "iphoneos iphonesimulator macosx xros xrsimulator";
				SWIFT_EMIT_LOC_STRINGS = NO;
				SWIFT_VERSION = 5.0;
				TARGETED_DEVICE_FAMILY = "1,2,7";
				TEST_HOST = "$(BUILT_PRODUCTS_DIR)/Standortbezogene Dienste.app/$(BUNDLE_EXECUTABLE_FOLDER_PATH)/Standortbezogene Dienste";
				XROS_DEPLOYMENT_TARGET = 2.1;
			};
			name = Release;
		};
		BCD5D21F2CE88FAF003CEDE1 /* Debug */ = {
			isa = XCBuildConfiguration;
			buildSettings = {
				CODE_SIGN_STYLE = Automatic;
				CURRENT_PROJECT_VERSION = 1;
				DEVELOPMENT_TEAM = DF3464857G;
				GENERATE_INFOPLIST_FILE = YES;
				IPHONEOS_DEPLOYMENT_TARGET = 18.1;
				MACOSX_DEPLOYMENT_TARGET = 15.1;
				MARKETING_VERSION = 1.0;
				PRODUCT_BUNDLE_IDENTIFIER = "karavanskyi.Standortbezogene-DiensteUITests";
				PRODUCT_NAME = "$(TARGET_NAME)";
				SDKROOT = auto;
				SUPPORTED_PLATFORMS = "iphoneos iphonesimulator macosx xros xrsimulator";
				SWIFT_EMIT_LOC_STRINGS = NO;
				SWIFT_VERSION = 5.0;
				TARGETED_DEVICE_FAMILY = "1,2,7";
				TEST_TARGET_NAME = "Standortbezogene Dienste";
				XROS_DEPLOYMENT_TARGET = 2.1;
			};
			name = Debug;
		};
		BCD5D2202CE88FAF003CEDE1 /* Release */ = {
			isa = XCBuildConfiguration;
			buildSettings = {
				CODE_SIGN_STYLE = Automatic;
				CURRENT_PROJECT_VERSION = 1;
				DEVELOPMENT_TEAM = DF3464857G;
				GENERATE_INFOPLIST_FILE = YES;
				IPHONEOS_DEPLOYMENT_TARGET = 18.1;
				MACOSX_DEPLOYMENT_TARGET = 15.1;
				MARKETING_VERSION = 1.0;
				PRODUCT_BUNDLE_IDENTIFIER = "karavanskyi.Standortbezogene-DiensteUITests";
				PRODUCT_NAME = "$(TARGET_NAME)";
				SDKROOT = auto;
				SUPPORTED_PLATFORMS = "iphoneos iphonesimulator macosx xros xrsimulator";
				SWIFT_EMIT_LOC_STRINGS = NO;
				SWIFT_VERSION = 5.0;
				TARGETED_DEVICE_FAMILY = "1,2,7";
				TEST_TARGET_NAME = "Standortbezogene Dienste";
				XROS_DEPLOYMENT_TARGET = 2.1;
			};
			name = Release;
		};
/* End XCBuildConfiguration section */

/* Begin XCConfigurationList section */
		BCD5D1EC2CE88FAE003CEDE1 /* Build configuration list for PBXProject "Standortbezogene Dienste" */ = {
			isa = XCConfigurationList;
			buildConfigurations = (
				BCD5D2162CE88FAF003CEDE1 /* Debug */,
				BCD5D2172CE88FAF003CEDE1 /* Release */,
			);
			defaultConfigurationIsVisible = 0;
			defaultConfigurationName = Release;
		};
		BCD5D2182CE88FAF003CEDE1 /* Build configuration list for PBXNativeTarget "Standortbezogene Dienste" */ = {
			isa = XCConfigurationList;
			buildConfigurations = (
				BCD5D2192CE88FAF003CEDE1 /* Debug */,
				BCD5D21A2CE88FAF003CEDE1 /* Release */,
			);
			defaultConfigurationIsVisible = 0;
			defaultConfigurationName = Release;
		};
		BCD5D21B2CE88FAF003CEDE1 /* Build configuration list for PBXNativeTarget "Standortbezogene DiensteTests" */ = {
			isa = XCConfigurationList;
			buildConfigurations = (
				BCD5D21C2CE88FAF003CEDE1 /* Debug */,
				BCD5D21D2CE88FAF003CEDE1 /* Release */,
			);
			defaultConfigurationIsVisible = 0;
			defaultConfigurationName = Release;
		};
		BCD5D21E2CE88FAF003CEDE1 /* Build configuration list for PBXNativeTarget "Standortbezogene DiensteUITests" */ = {
			isa = XCConfigurationList;
			buildConfigurations = (
				BCD5D21F2CE88FAF003CEDE1 /* Debug */,
				BCD5D2202CE88FAF003CEDE1 /* Release */,
			);
			defaultConfigurationIsVisible = 0;
			defaultConfigurationName = Release;
		};
/* End XCConfigurationList section */
	};
	rootObject = BCD5D1E92CE88FAE003CEDE1 /* Project object */;
}
